// !$*UTF8*$!
{
	archiveVersion = 1;
	classes = {
	};
	objectVersion = 46;
	objects = {

/* Begin PBXBuildFile section */
		41766C3B1CCB967900F39187 /* AppDelegate.swift in Sources */ = {isa = PBXBuildFile; fileRef = 41766C3A1CCB967900F39187 /* AppDelegate.swift */; };
		41766C411CCB967900F39187 /* GameViewController.swift in Sources */ = {isa = PBXBuildFile; fileRef = 41766C401CCB967900F39187 /* GameViewController.swift */; };
		41766C491CCB967900F39187 /* LaunchScreen.storyboard in Resources */ = {isa = PBXBuildFile; fileRef = 41766C471CCB967900F39187 /* LaunchScreen.storyboard */; };
		41766C5B1CCC6B2C00F39187 /* a.wav in Resources */ = {isa = PBXBuildFile; fileRef = 41766C531CCC6B2C00F39187 /* a.wav */; };
		41766C5C1CCC6B2C00F39187 /* b.wav in Resources */ = {isa = PBXBuildFile; fileRef = 41766C541CCC6B2C00F39187 /* b.wav */; };
		41766C5D1CCC6B2C00F39187 /* c octv.wav in Resources */ = {isa = PBXBuildFile; fileRef = 41766C551CCC6B2C00F39187 /* c octv.wav */; };
		41766C5E1CCC6B2C00F39187 /* c.wav in Resources */ = {isa = PBXBuildFile; fileRef = 41766C561CCC6B2C00F39187 /* c.wav */; };
		41766C5F1CCC6B2C00F39187 /* d.wav in Resources */ = {isa = PBXBuildFile; fileRef = 41766C571CCC6B2C00F39187 /* d.wav */; };
		41766C601CCC6B2C00F39187 /* e.wav in Resources */ = {isa = PBXBuildFile; fileRef = 41766C581CCC6B2C00F39187 /* e.wav */; };
		41766C611CCC6B2C00F39187 /* f.wav in Resources */ = {isa = PBXBuildFile; fileRef = 41766C591CCC6B2C00F39187 /* f.wav */; };
		41766C621CCC6B2C00F39187 /* g.wav in Resources */ = {isa = PBXBuildFile; fileRef = 41766C5A1CCC6B2C00F39187 /* g.wav */; };
		41766C641CCCB3DA00F39187 /* Assets.xcassets in Resources */ = {isa = PBXBuildFile; fileRef = 41766C631CCCB3DA00F39187 /* Assets.xcassets */; };
		41766C6A1CCCC0EA00F39187 /* GameScene.swift in Sources */ = {isa = PBXBuildFile; fileRef = 41766C691CCCC0EA00F39187 /* GameScene.swift */; };
		41E7671B2063294B005E1891 /* GameScene.sks in Resources */ = {isa = PBXBuildFile; fileRef = 41E7671A2063294B005E1891 /* GameScene.sks */; };
		41E7671D20632A68005E1891 /* Main.storyboard in Resources */ = {isa = PBXBuildFile; fileRef = 41E7671C20632A68005E1891 /* Main.storyboard */; };
/* End PBXBuildFile section */

/* Begin PBXFileReference section */
		41766C371CCB967900F39187 /* XtremeBalloonPopper.app */ = {isa = PBXFileReference; explicitFileType = wrapper.application; includeInIndex = 0; path = XtremeBalloonPopper.app; sourceTree = BUILT_PRODUCTS_DIR; };
		41766C3A1CCB967900F39187 /* AppDelegate.swift */ = {isa = PBXFileReference; lastKnownFileType = sourcecode.swift; path = AppDelegate.swift; sourceTree = "<group>"; };
		41766C401CCB967900F39187 /* GameViewController.swift */ = {isa = PBXFileReference; lastKnownFileType = sourcecode.swift; path = GameViewController.swift; sourceTree = "<group>"; };
		41766C481CCB967900F39187 /* Base */ = {isa = PBXFileReference; lastKnownFileType = file.storyboard; name = Base; path = Base.lproj/LaunchScreen.storyboard; sourceTree = "<group>"; };
		41766C4A1CCB967900F39187 /* Info.plist */ = {isa = PBXFileReference; lastKnownFileType = text.plist.xml; path = Info.plist; sourceTree = "<group>"; };
		41766C531CCC6B2C00F39187 /* a.wav */ = {isa = PBXFileReference; lastKnownFileType = audio.wav; path = a.wav; sourceTree = "<group>"; };
		41766C541CCC6B2C00F39187 /* b.wav */ = {isa = PBXFileReference; lastKnownFileType = audio.wav; path = b.wav; sourceTree = "<group>"; };
		41766C551CCC6B2C00F39187 /* c octv.wav */ = {isa = PBXFileReference; lastKnownFileType = audio.wav; path = "c octv.wav"; sourceTree = "<group>"; };
		41766C561CCC6B2C00F39187 /* c.wav */ = {isa = PBXFileReference; lastKnownFileType = audio.wav; path = c.wav; sourceTree = "<group>"; };
		41766C571CCC6B2C00F39187 /* d.wav */ = {isa = PBXFileReference; lastKnownFileType = audio.wav; path = d.wav; sourceTree = "<group>"; };
		41766C581CCC6B2C00F39187 /* e.wav */ = {isa = PBXFileReference; lastKnownFileType = audio.wav; path = e.wav; sourceTree = "<group>"; };
		41766C591CCC6B2C00F39187 /* f.wav */ = {isa = PBXFileReference; lastKnownFileType = audio.wav; path = f.wav; sourceTree = "<group>"; };
		41766C5A1CCC6B2C00F39187 /* g.wav */ = {isa = PBXFileReference; lastKnownFileType = audio.wav; path = g.wav; sourceTree = "<group>"; };
		41766C631CCCB3DA00F39187 /* Assets.xcassets */ = {isa = PBXFileReference; lastKnownFileType = folder.assetcatalog; path = Assets.xcassets; sourceTree = "<group>"; };
		41766C691CCCC0EA00F39187 /* GameScene.swift */ = {isa = PBXFileReference; fileEncoding = 4; lastKnownFileType = sourcecode.swift; path = GameScene.swift; sourceTree = "<group>"; };
		41E7671A2063294B005E1891 /* GameScene.sks */ = {isa = PBXFileReference; lastKnownFileType = file.sks; path = GameScene.sks; sourceTree = "<group>"; };
		41E7671C20632A68005E1891 /* Main.storyboard */ = {isa = PBXFileReference; fileEncoding = 4; lastKnownFileType = file.storyboard; path = Main.storyboard; sourceTree = "<group>"; };
/* End PBXFileReference section */

/* Begin PBXFrameworksBuildPhase section */
		41766C341CCB967800F39187 /* Frameworks */ = {
			isa = PBXFrameworksBuildPhase;
			buildActionMask = 2147483647;
			files = (
			);
			runOnlyForDeploymentPostprocessing = 0;
		};
/* End PBXFrameworksBuildPhase section */

/* Begin PBXGroup section */
		41766C2E1CCB967800F39187 = {
			isa = PBXGroup;
			children = (
				41766C391CCB967900F39187 /* XtremeBalloonPopper */,
				41766C381CCB967900F39187 /* Products */,
			);
			sourceTree = "<group>";
		};
		41766C381CCB967900F39187 /* Products */ = {
			isa = PBXGroup;
			children = (
				41766C371CCB967900F39187 /* XtremeBalloonPopper.app */,
			);
			name = Products;
			sourceTree = "<group>";
		};
		41766C391CCB967900F39187 /* XtremeBalloonPopper */ = {
			isa = PBXGroup;
			children = (
				41766C521CCC68F100F39187 /* Sounds */,
				41766C691CCCC0EA00F39187 /* GameScene.swift */,
				41E7671A2063294B005E1891 /* GameScene.sks */,
				41766C401CCB967900F39187 /* GameViewController.swift */,
				41766C3A1CCB967900F39187 /* AppDelegate.swift */,
				41E7671C20632A68005E1891 /* Main.storyboard */,
				41766C471CCB967900F39187 /* LaunchScreen.storyboard */,
				41766C4A1CCB967900F39187 /* Info.plist */,
				41766C631CCCB3DA00F39187 /* Assets.xcassets */,
			);
			path = XtremeBalloonPopper;
			sourceTree = "<group>";
		};
		41766C521CCC68F100F39187 /* Sounds */ = {
			isa = PBXGroup;
			children = (
				41766C541CCC6B2C00F39187 /* b.wav */,
				41766C551CCC6B2C00F39187 /* c octv.wav */,
				41766C561CCC6B2C00F39187 /* c.wav */,
				41766C571CCC6B2C00F39187 /* d.wav */,
				41766C581CCC6B2C00F39187 /* e.wav */,
				41766C531CCC6B2C00F39187 /* a.wav */,
				41766C591CCC6B2C00F39187 /* f.wav */,
				41766C5A1CCC6B2C00F39187 /* g.wav */,
			);
			name = Sounds;
			path = ..;
			sourceTree = "<group>";
		};
/* End PBXGroup section */

/* Begin PBXNativeTarget section */
		41766C361CCB967800F39187 /* XtremeBalloonPopper */ = {
			isa = PBXNativeTarget;
			buildConfigurationList = 41766C4D1CCB967900F39187 /* Build configuration list for PBXNativeTarget "XtremeBalloonPopper" */;
			buildPhases = (
				41766C331CCB967800F39187 /* Sources */,
				41766C341CCB967800F39187 /* Frameworks */,
				41766C351CCB967800F39187 /* Resources */,
			);
			buildRules = (
			);
			dependencies = (
			);
			name = XtremeBalloonPopper;
			productName = XtremeBalloonPopper;
			productReference = 41766C371CCB967900F39187 /* XtremeBalloonPopper.app */;
			productType = "com.apple.product-type.application";
		};
/* End PBXNativeTarget section */

/* Begin PBXProject section */
		41766C2F1CCB967800F39187 /* Project object */ = {
			isa = PBXProject;
			attributes = {
				LastSwiftUpdateCheck = 0730;
				LastUpgradeCheck = 0730;
				ORGANIZATIONNAME = "5to9 Studios";
				TargetAttributes = {
					41766C361CCB967800F39187 = {
						CreatedOnToolsVersion = 7.3;
						DevelopmentTeam = BQ9D43VRKA;
						LastSwiftMigration = 0800;
					};
				};
			};
			buildConfigurationList = 41766C321CCB967800F39187 /* Build configuration list for PBXProject "XtremeBalloonPopper" */;
			compatibilityVersion = "Xcode 3.2";
			developmentRegion = English;
			hasScannedForEncodings = 0;
			knownRegions = (
				en,
				Base,
			);
			mainGroup = 41766C2E1CCB967800F39187;
			productRefGroup = 41766C381CCB967900F39187 /* Products */;
			projectDirPath = "";
			projectRoot = "";
			targets = (
				41766C361CCB967800F39187 /* XtremeBalloonPopper */,
			);
		};
/* End PBXProject section */

/* Begin PBXResourcesBuildPhase section */
		41766C351CCB967800F39187 /* Resources */ = {
			isa = PBXResourcesBuildPhase;
			buildActionMask = 2147483647;
			files = (
				41766C621CCC6B2C00F39187 /* g.wav in Resources */,
				41766C611CCC6B2C00F39187 /* f.wav in Resources */,
				41766C5D1CCC6B2C00F39187 /* c octv.wav in Resources */,
				41E7671D20632A68005E1891 /* Main.storyboard in Resources */,
				41766C491CCB967900F39187 /* LaunchScreen.storyboard in Resources */,
				41E7671B2063294B005E1891 /* GameScene.sks in Resources */,
				41766C5F1CCC6B2C00F39187 /* d.wav in Resources */,
				41766C5E1CCC6B2C00F39187 /* c.wav in Resources */,
				41766C601CCC6B2C00F39187 /* e.wav in Resources */,
				41766C5C1CCC6B2C00F39187 /* b.wav in Resources */,
				41766C641CCCB3DA00F39187 /* Assets.xcassets in Resources */,
				41766C5B1CCC6B2C00F39187 /* a.wav in Resources */,
			);
			runOnlyForDeploymentPostprocessing = 0;
		};
/* End PBXResourcesBuildPhase section */

/* Begin PBXSourcesBuildPhase section */
		41766C331CCB967800F39187 /* Sources */ = {
			isa = PBXSourcesBuildPhase;
			buildActionMask = 2147483647;
			files = (
				41766C411CCB967900F39187 /* GameViewController.swift in Sources */,
				41766C6A1CCCC0EA00F39187 /* GameScene.swift in Sources */,
				41766C3B1CCB967900F39187 /* AppDelegate.swift in Sources */,
			);
			runOnlyForDeploymentPostprocessing = 0;
		};
/* End PBXSourcesBuildPhase section */

/* Begin PBXVariantGroup section */
		41766C471CCB967900F39187 /* LaunchScreen.storyboard */ = {
			isa = PBXVariantGroup;
			children = (
				41766C481CCB967900F39187 /* Base */,
			);
			name = LaunchScreen.storyboard;
			sourceTree = "<group>";
		};
/* End PBXVariantGroup section */

/* Begin XCBuildConfiguration section */
		41766C4B1CCB967900F39187 /* Debug */ = {
			isa = XCBuildConfiguration;
			buildSettings = {
				ALWAYS_SEARCH_USER_PATHS = NO;
				CLANG_ANALYZER_NONNULL = YES;
				CLANG_CXX_LANGUAGE_STANDARD = "gnu++0x";
				CLANG_CXX_LIBRARY = "libc++";
				CLANG_ENABLE_MODULES = YES;
				CLANG_ENABLE_OBJC_ARC = YES;
				CLANG_WARN_BOOL_CONVERSION = YES;
				CLANG_WARN_CONSTANT_CONVERSION = YES;
				CLANG_WARN_DIRECT_OBJC_ISA_USAGE = YES_ERROR;
				CLANG_WARN_EMPTY_BODY = YES;
				CLANG_WARN_ENUM_CONVERSION = YES;
				CLANG_WARN_INT_CONVERSION = YES;
				CLANG_WARN_OBJC_ROOT_CLASS = YES_ERROR;
				CLANG_WARN_UNREACHABLE_CODE = YES;
				CLANG_WARN__DUPLICATE_METHOD_MATCH = YES;
				"CODE_SIGN_IDENTITY[sdk=iphoneos*]" = "iPhone Developer";
				COPY_PHASE_STRIP = NO;
				DEBUG_INFORMATION_FORMAT = "dwarf-with-dsym";
				ENABLE_STRICT_OBJC_MSGSEND = YES;
				ENABLE_TESTABILITY = YES;
				GCC_C_LANGUAGE_STANDARD = gnu99;
				GCC_DYNAMIC_NO_PIC = NO;
				GCC_NO_COMMON_BLOCKS = YES;
				GCC_OPTIMIZATION_LEVEL = 0;
				GCC_PREPROCESSOR_DEFINITIONS = (
					"DEBUG=1",
					"$(inherited)",
				);
				GCC_WARN_64_TO_32_BIT_CONVERSION = YES;
				GCC_WARN_ABOUT_RETURN_TYPE = YES_ERROR;
				GCC_WARN_UNDECLARED_SELECTOR = YES;
				GCC_WARN_UNINITIALIZED_AUTOS = YES_AGGRESSIVE;
				GCC_WARN_UNUSED_FUNCTION = YES;
				GCC_WARN_UNUSED_VARIABLE = YES;
				IPHONEOS_DEPLOYMENT_TARGET = 9.3;
				MTL_ENABLE_DEBUG_INFO = YES;
				ONLY_ACTIVE_ARCH = YES;
				SDKROOT = iphoneos;
				SWIFT_OPTIMIZATION_LEVEL = "-Onone";
			};
			name = Debug;
		};
		41766C4C1CCB967900F39187 /* Release */ = {
			isa = XCBuildConfiguration;
			buildSettings = {
				ALWAYS_SEARCH_USER_PATHS = NO;
				CLANG_ANALYZER_NONNULL = YES;
				CLANG_CXX_LANGUAGE_STANDARD = "gnu++0x";
				CLANG_CXX_LIBRARY = "libc++";
				CLANG_ENABLE_MODULES = YES;
				CLANG_ENABLE_OBJC_ARC = YES;
				CLANG_WARN_BOOL_CONVERSION = YES;
				CLANG_WARN_CONSTANT_CONVERSION = YES;
				CLANG_WARN_DIRECT_OBJC_ISA_USAGE = YES_ERROR;
				CLANG_WARN_EMPTY_BODY = YES;
				CLANG_WARN_ENUM_CONVERSION = YES;
				CLANG_WARN_INT_CONVERSION = YES;
				CLANG_WARN_OBJC_ROOT_CLASS = YES_ERROR;
				CLANG_WARN_UNREACHABLE_CODE = YES;
				CLANG_WARN__DUPLICATE_METHOD_MATCH = YES;
				"CODE_SIGN_IDENTITY[sdk=iphoneos*]" = "iPhone Developer";
				COPY_PHASE_STRIP = NO;
				DEBUG_INFORMATION_FORMAT = "dwarf-with-dsym";
				ENABLE_NS_ASSERTIONS = NO;
				ENABLE_STRICT_OBJC_MSGSEND = YES;
				GCC_C_LANGUAGE_STANDARD = gnu99;
				GCC_NO_COMMON_BLOCKS = YES;
				GCC_WARN_64_TO_32_BIT_CONVERSION = YES;
				GCC_WARN_ABOUT_RETURN_TYPE = YES_ERROR;
				GCC_WARN_UNDECLARED_SELECTOR = YES;
				GCC_WARN_UNINITIALIZED_AUTOS = YES_AGGRESSIVE;
				GCC_WARN_UNUSED_FUNCTION = YES;
				GCC_WARN_UNUSED_VARIABLE = YES;
				IPHONEOS_DEPLOYMENT_TARGET = 9.3;
				MTL_ENABLE_DEBUG_INFO = NO;
				SDKROOT = iphoneos;
				VALIDATE_PRODUCT = YES;
			};
			name = Release;
		};
		41766C4E1CCB967900F39187 /* Debug */ = {
			isa = XCBuildConfiguration;
			buildSettings = {
				ASSETCATALOG_COMPILER_APPICON_NAME = AppIcon;
				CODE_SIGN_IDENTITY = "iPhone Developer";
				"CODE_SIGN_IDENTITY[sdk=iphoneos*]" = "iPhone Developer";
				DEVELOPMENT_TEAM = BQ9D43VRKA;
				INFOPLIST_FILE = XtremeBalloonPopper/Info.plist;
				LD_RUNPATH_SEARCH_PATHS = "$(inherited) @executable_path/Frameworks";
				PRODUCT_BUNDLE_IDENTIFIER = com.abdulajet.XtremeBalloonPopper;
				PRODUCT_NAME = "$(TARGET_NAME)";
				PROVISIONING_PROFILE = "";
				SWIFT_VERSION = 3.0;
			};
			name = Debug;
		};
		41766C4F1CCB967900F39187 /* Release */ = {
			isa = XCBuildConfiguration;
			buildSettings = {
				ASSETCATALOG_COMPILER_APPICON_NAME = AppIcon;
				CODE_SIGN_IDENTITY = "iPhone Developer";
				"CODE_SIGN_IDENTITY[sdk=iphoneos*]" = "iPhone Developer";
				DEVELOPMENT_TEAM = BQ9D43VRKA;
				INFOPLIST_FILE = XtremeBalloonPopper/Info.plist;
				LD_RUNPATH_SEARCH_PATHS = "$(inherited) @executable_path/Frameworks";
				PRODUCT_BUNDLE_IDENTIFIER = com.abdulajet.XtremeBalloonPopper;
				PRODUCT_NAME = "$(TARGET_NAME)";
				PROVISIONING_PROFILE = "";
				SWIFT_VERSION = 3.0;
			};
			name = Release;
		};
/* End XCBuildConfiguration section */

/* Begin XCConfigurationList section */
		41766C321CCB967800F39187 /* Build configuration list for PBXProject "XtremeBalloonPopper" */ = {
			isa = XCConfigurationList;
			buildConfigurations = (
				41766C4B1CCB967900F39187 /* Debug */,
				41766C4C1CCB967900F39187 /* Release */,
			);
			defaultConfigurationIsVisible = 0;
			defaultConfigurationName = Release;
		};
		41766C4D1CCB967900F39187 /* Build configuration list for PBXNativeTarget "XtremeBalloonPopper" */ = {
			isa = XCConfigurationList;
			buildConfigurations = (
				41766C4E1CCB967900F39187 /* Debug */,
				41766C4F1CCB967900F39187 /* Release */,
			);
			defaultConfigurationIsVisible = 0;
			defaultConfigurationName = Release;
		};
/* End XCConfigurationList section */
	};
	rootObject = 41766C2F1CCB967800F39187 /* Project object */;
}
